
Microsoft Visual Studio Solution File, Format Version 12.00
# Visual Studio Version 16
VisualStudioVersion = 16.0.30804.86
MinimumVisualStudioVersion = 10.0.40219.1
Project("{FAE04EC0-301F-11D3-BF4B-00C04F79EFBC}") = "OdeToFood", "OdeToFood\OdeToFood.csproj", "{81BEB26A-C916-44CE-8B82-E3CF34D2C571}"
EndProject
Global
	GlobalSection(SolutionConfigurationPlatforms) = preSolution
		Debug|Any CPU = Debug|Any CPU
		Release|Any CPU = Release|Any CPU
	EndGlobalSection
	GlobalSection(ProjectConfigurationPlatforms) = postSolution
		{81BEB26A-C916-44CE-8B82-E3CF34D2C571}.Debug|Any CPU.ActiveCfg = Debug|Any CPU
		{81BEB26A-C916-44CE-8B82-E3CF34D2C571}.Debug|Any CPU.Build.0 = Debug|Any CPU
		{81BEB26A-C916-44CE-8B82-E3CF34D2C571}.Release|Any CPU.ActiveCfg = Release|Any CPU
		{81BEB26A-C916-44CE-8B82-E3CF34D2C571}.Release|Any CPU.Build.0 = Release|Any CPU
	EndGlobalSection
	GlobalSection(SolutionProperties) = preSolution
		HideSolutionNode = FALSE
	EndGlobalSection
	GlobalSection(ExtensibilityGlobals) = postSolution
		SolutionGuid = {EA097207-127C-4232-B0AF-0819CECA4CEB}
	EndGlobalSection
EndGlobal
